# THIS IS AN AUTOGENERATED FILE. DO NOT EDIT THIS FILE DIRECTLY.
# yarn lockfile v1


"@vuepress/plugin-active-header-links@^1.8.2":
  version "1.8.2"
  resolved "https://registry.nlark.com/@vuepress/plugin-active-header-links/download/@vuepress/plugin-active-header-links-1.8.2.tgz#0cb9b29c826dd97d35357a9b09c962ef782cb793"
  integrity sha1-DLmynIJt2X01NXqbCcli73gst5M=
  dependencies:
    lodash.debounce "^4.0.8"

lodash.debounce@^4.0.8:
  version "4.0.8"
  resolved "https://registry.nlark.com/lodash.debounce/download/lodash.debounce-4.0.8.tgz#82d79bff30a67c4005ffd5e2515300ad9ca4d7af"
  integrity sha1-gteb/zCmfEAF/9XiUVMArZyk168=

vue-demi@^0.11.4:
  version "0.11.4"
  resolved "https://registry.nlark.com/vue-demi/download/vue-demi-0.11.4.tgz#6101992fe4724cf5634018a16e953f3052e94e2a"
  integrity sha1-YQGZL+RyTPVjQBihbpU/MFLpTio=
